
Microsoft Visual Studio Solution File, Format Version 12.00
# Visual Studio Version 16
VisualStudioVersion = 16.0.810.23
MinimumVisualStudioVersion = 10.0.40219.1
Project("{FAE04EC0-301F-11D3-BF4B-00C04F79EFBC}") = "HealthSafetyAppPremium.Android", "HealthSafetyAppPremium.Android\HealthSafetyAppPremium.Android.csproj", "{EE5A0208-B057-4E87-A73E-B4B54453E1AF}"
EndProject
Project("{FAE04EC0-301F-11D3-BF4B-00C04F79EFBC}") = "HealthSafetyAppPremium.iOS", "HealthSafetyAppPremium.iOS\HealthSafetyAppPremium.iOS.csproj", "{282E4FFE-BFAB-47D1-8D12-C0FDD29093D6}"
EndProject
Project("{FAE04EC0-301F-11D3-BF4B-00C04F79EFBC}") = "HealthSafetyAppPremium", "HealthSafetyAppPremium\HealthSafetyAppPremium.csproj", "{D8A27AE0-9AD6-4FE0-A0AA-0195BB43B130}"
EndProject
Global
	GlobalSection(SolutionConfigurationPlatforms) = preSolution
		Debug|Any CPU = Debug|Any CPU
		Release|Any CPU = Release|Any CPU
		Debug|iPhoneSimulator = Debug|iPhoneSimulator
		Release|iPhoneSimulator = Release|iPhoneSimulator
		Debug|iPhone = Debug|iPhone
		Release|iPhone = Release|iPhone
	EndGlobalSection
	GlobalSection(ProjectConfigurationPlatforms) = postSolution
		{EE5A0208-B057-4E87-A73E-B4B54453E1AF}.Debug|Any CPU.ActiveCfg = Debug|Any CPU
		{EE5A0208-B057-4E87-A73E-B4B54453E1AF}.Debug|Any CPU.Build.0 = Debug|Any CPU
		{EE5A0208-B057-4E87-A73E-B4B54453E1AF}.Release|Any CPU.ActiveCfg = Release|Any CPU
		{EE5A0208-B057-4E87-A73E-B4B54453E1AF}.Release|Any CPU.Build.0 = Release|Any CPU
		{EE5A0208-B057-4E87-A73E-B4B54453E1AF}.Debug|iPhoneSimulator.ActiveCfg = Debug|Any CPU
		{EE5A0208-B057-4E87-A73E-B4B54453E1AF}.Debug|iPhoneSimulator.Build.0 = Debug|Any CPU
		{EE5A0208-B057-4E87-A73E-B4B54453E1AF}.Release|iPhoneSimulator.ActiveCfg = Release|Any CPU
		{EE5A0208-B057-4E87-A73E-B4B54453E1AF}.Release|iPhoneSimulator.Build.0 = Release|Any CPU
		{EE5A0208-B057-4E87-A73E-B4B54453E1AF}.Debug|iPhone.ActiveCfg = Debug|Any CPU
		{EE5A0208-B057-4E87-A73E-B4B54453E1AF}.Debug|iPhone.Build.0 = Debug|Any CPU
		{EE5A0208-B057-4E87-A73E-B4B54453E1AF}.Release|iPhone.ActiveCfg = Release|Any CPU
		{EE5A0208-B057-4E87-A73E-B4B54453E1AF}.Release|iPhone.Build.0 = Release|Any CPU
		{282E4FFE-BFAB-47D1-8D12-C0FDD29093D6}.Debug|Any CPU.ActiveCfg = Debug|iPhoneSimulator
		{282E4FFE-BFAB-47D1-8D12-C0FDD29093D6}.Debug|Any CPU.Build.0 = Debug|iPhoneSimulator
		{282E4FFE-BFAB-47D1-8D12-C0FDD29093D6}.Release|Any CPU.ActiveCfg = Release|iPhoneSimulator
		{282E4FFE-BFAB-47D1-8D12-C0FDD29093D6}.Release|Any CPU.Build.0 = Release|iPhoneSimulator
		{282E4FFE-BFAB-47D1-8D12-C0FDD29093D6}.Debug|iPhoneSimulator.ActiveCfg = Debug|iPhoneSimulator
		{282E4FFE-BFAB-47D1-8D12-C0FDD29093D6}.Debug|iPhoneSimulator.Build.0 = Debug|iPhoneSimulator
		{282E4FFE-BFAB-47D1-8D12-C0FDD29093D6}.Release|iPhoneSimulator.ActiveCfg = Release|iPhoneSimulator
		{282E4FFE-BFAB-47D1-8D12-C0FDD29093D6}.Release|iPhoneSimulator.Build.0 = Release|iPhoneSimulator
		{282E4FFE-BFAB-47D1-8D12-C0FDD29093D6}.Debug|iPhone.ActiveCfg = Debug|iPhone
		{282E4FFE-BFAB-47D1-8D12-C0FDD29093D6}.Debug|iPhone.Build.0 = Debug|iPhone
		{282E4FFE-BFAB-47D1-8D12-C0FDD29093D6}.Release|iPhone.ActiveCfg = Release|iPhone
		{282E4FFE-BFAB-47D1-8D12-C0FDD29093D6}.Release|iPhone.Build.0 = Release|iPhone
		{D8A27AE0-9AD6-4FE0-A0AA-0195BB43B130}.Debug|Any CPU.ActiveCfg = Debug|Any CPU
		{D8A27AE0-9AD6-4FE0-A0AA-0195BB43B130}.Debug|Any CPU.Build.0 = Debug|Any CPU
		{D8A27AE0-9AD6-4FE0-A0AA-0195BB43B130}.Release|Any CPU.ActiveCfg = Release|Any CPU
		{D8A27AE0-9AD6-4FE0-A0AA-0195BB43B130}.Release|Any CPU.Build.0 = Release|Any CPU
		{D8A27AE0-9AD6-4FE0-A0AA-0195BB43B130}.Debug|iPhoneSimulator.ActiveCfg = Debug|Any CPU
		{D8A27AE0-9AD6-4FE0-A0AA-0195BB43B130}.Debug|iPhoneSimulator.Build.0 = Debug|Any CPU
		{D8A27AE0-9AD6-4FE0-A0AA-0195BB43B130}.Release|iPhoneSimulator.ActiveCfg = Release|Any CPU
		{D8A27AE0-9AD6-4FE0-A0AA-0195BB43B130}.Release|iPhoneSimulator.Build.0 = Release|Any CPU
		{D8A27AE0-9AD6-4FE0-A0AA-0195BB43B130}.Debug|iPhone.ActiveCfg = Debug|Any CPU
		{D8A27AE0-9AD6-4FE0-A0AA-0195BB43B130}.Debug|iPhone.Build.0 = Debug|Any CPU
		{D8A27AE0-9AD6-4FE0-A0AA-0195BB43B130}.Release|iPhone.ActiveCfg = Release|Any CPU
		{D8A27AE0-9AD6-4FE0-A0AA-0195BB43B130}.Release|iPhone.Build.0 = Release|Any CPU
	EndGlobalSection
	GlobalSection(SolutionProperties) = preSolution
		HideSolutionNode = FALSE
	EndGlobalSection
	GlobalSection(ExtensibilityGlobals) = postSolution
		SolutionGuid = {4C86674F-D377-4880-BA44-6597B27D8862}
	EndGlobalSection
EndGlobal
